
Microsoft Visual Studio Solution File, Format Version 12.00
# Visual Studio Version 17
VisualStudioVersion = 17.4.32916.344
MinimumVisualStudioVersion = 10.0.40219.1
Project("{FAE04EC0-301F-11D3-BF4B-00C04F79EFBC}") = "OvdVsBotWeb", "OvdVsBotWeb\OvdVsBotWeb.csproj", "{5B468F7E-1EBC-40BC-A05E-448A6FDDE98F}"
EndProject
Global
	GlobalSection(SolutionConfigurationPlatforms) = preSolution
		Debug|Any CPU = Debug|Any CPU
		Release|Any CPU = Release|Any CPU
	EndGlobalSection
	GlobalSection(ProjectConfigurationPlatforms) = postSolution
		{5B468F7E-1EBC-40BC-A05E-448A6FDDE98F}.Debug|Any CPU.ActiveCfg = Debug|Any CPU
		{5B468F7E-1EBC-40BC-A05E-448A6FDDE98F}.Debug|Any CPU.Build.0 = Debug|Any CPU
		{5B468F7E-1EBC-40BC-A05E-448A6FDDE98F}.Release|Any CPU.ActiveCfg = Release|Any CPU
		{5B468F7E-1EBC-40BC-A05E-448A6FDDE98F}.Release|Any CPU.Build.0 = Release|Any CPU
	EndGlobalSection
	GlobalSection(SolutionProperties) = preSolution
		HideSolutionNode = FALSE
	EndGlobalSection
	GlobalSection(ExtensibilityGlobals) = postSolution
		SolutionGuid = {A8F15B38-E7D6-4794-AD37-A993D9443E72}
	EndGlobalSection
EndGlobal
